
Microsoft Visual Studio Solution File, Format Version 12.00
# Visual Studio Version 16
VisualStudioVersion = 16.0.31129.286
MinimumVisualStudioVersion = 10.0.40219.1
Project("{FAE04EC0-301F-11D3-BF4B-00C04F79EFBC}") = "M12_Dzianis_Dukhnou", "M12_Dzianis_Dukhnou.csproj", "{A1755C45-23B3-4763-9B7A-75397B870D02}"
EndProject
Global
	GlobalSection(SolutionConfigurationPlatforms) = preSolution
		Debug|Any CPU = Debug|Any CPU
		Release|Any CPU = Release|Any CPU
	EndGlobalSection
	GlobalSection(ProjectConfigurationPlatforms) = postSolution
		{A1755C45-23B3-4763-9B7A-75397B870D02}.Debug|Any CPU.ActiveCfg = Debug|Any CPU
		{A1755C45-23B3-4763-9B7A-75397B870D02}.Debug|Any CPU.Build.0 = Debug|Any CPU
		{A1755C45-23B3-4763-9B7A-75397B870D02}.Release|Any CPU.ActiveCfg = Release|Any CPU
		{A1755C45-23B3-4763-9B7A-75397B870D02}.Release|Any CPU.Build.0 = Release|Any CPU
	EndGlobalSection
	GlobalSection(SolutionProperties) = preSolution
		HideSolutionNode = FALSE
	EndGlobalSection
	GlobalSection(ExtensibilityGlobals) = postSolution
		SolutionGuid = {5DBC6298-A664-4D0C-8091-A6DFD054D191}
	EndGlobalSection
EndGlobal
